
Microsoft Visual Studio Solution File, Format Version 12.00
# Visual Studio Version 17
VisualStudioVersion = 17.8.34330.188
MinimumVisualStudioVersion = 10.0.40219.1
Project("{2150E333-8FDC-42A3-9474-1A3956D46DE8}") = "Core", "Core", "{68CA5E50-BB76-4532-BF10-E6793A39AF1A}"
EndProject
Project("{2150E333-8FDC-42A3-9474-1A3956D46DE8}") = "Infrastructure", "Infrastructure", "{C5429637-007E-432A-A2E1-CDCF94F176FE}"
EndProject
Project("{2150E333-8FDC-42A3-9474-1A3956D46DE8}") = "Presentation", "Presentation", "{40EA13CF-6C2B-4500-BB95-7AEA4AC026DB}"
EndProject
Project("{2150E333-8FDC-42A3-9474-1A3956D46DE8}") = "Test", "Test", "{40010C95-B332-42EF-A296-550B89020900}"
EndProject
Project("{9A19103F-16F7-4668-BE54-9A1E7A4F7556}") = "EngineerExam.Domain", "EngineerExam.Domain\EngineerExam.Domain.csproj", "{468D1066-7BB1-44D3-AD6B-B55F3EA4E4F2}"
EndProject
Project("{9A19103F-16F7-4668-BE54-9A1E7A4F7556}") = "EngineerExam.Application", "EngineerExam.Application\EngineerExam.Application.csproj", "{D948FE4A-FB0C-44A5-B5CE-811733E11DE2}"
EndProject
Project("{9A19103F-16F7-4668-BE54-9A1E7A4F7556}") = "EngineerExam.Persistance", "EngineerExam.Persistance\EngineerExam.Persistance.csproj", "{51A45167-9036-4219-BB91-BD3BFFB8D48F}"
EndProject
Project("{9A19103F-16F7-4668-BE54-9A1E7A4F7556}") = "EngineerExam.WebApi", "EngineerExam.Presentation\EngineerExam.WebApi.csproj", "{665FBF03-9B2A-4644-8143-C463F90A7362}"
EndProject
Global
	GlobalSection(SolutionConfigurationPlatforms) = preSolution
		Debug|Any CPU = Debug|Any CPU
		Release|Any CPU = Release|Any CPU
	EndGlobalSection
	GlobalSection(ProjectConfigurationPlatforms) = postSolution
		{468D1066-7BB1-44D3-AD6B-B55F3EA4E4F2}.Debug|Any CPU.ActiveCfg = Debug|Any CPU
		{468D1066-7BB1-44D3-AD6B-B55F3EA4E4F2}.Debug|Any CPU.Build.0 = Debug|Any CPU
		{468D1066-7BB1-44D3-AD6B-B55F3EA4E4F2}.Release|Any CPU.ActiveCfg = Release|Any CPU
		{468D1066-7BB1-44D3-AD6B-B55F3EA4E4F2}.Release|Any CPU.Build.0 = Release|Any CPU
		{D948FE4A-FB0C-44A5-B5CE-811733E11DE2}.Debug|Any CPU.ActiveCfg = Debug|Any CPU
		{D948FE4A-FB0C-44A5-B5CE-811733E11DE2}.Debug|Any CPU.Build.0 = Debug|Any CPU
		{D948FE4A-FB0C-44A5-B5CE-811733E11DE2}.Release|Any CPU.ActiveCfg = Release|Any CPU
		{D948FE4A-FB0C-44A5-B5CE-811733E11DE2}.Release|Any CPU.Build.0 = Release|Any CPU
		{51A45167-9036-4219-BB91-BD3BFFB8D48F}.Debug|Any CPU.ActiveCfg = Debug|Any CPU
		{51A45167-9036-4219-BB91-BD3BFFB8D48F}.Debug|Any CPU.Build.0 = Debug|Any CPU
		{51A45167-9036-4219-BB91-BD3BFFB8D48F}.Release|Any CPU.ActiveCfg = Release|Any CPU
		{51A45167-9036-4219-BB91-BD3BFFB8D48F}.Release|Any CPU.Build.0 = Release|Any CPU
		{665FBF03-9B2A-4644-8143-C463F90A7362}.Debug|Any CPU.ActiveCfg = Debug|Any CPU
		{665FBF03-9B2A-4644-8143-C463F90A7362}.Debug|Any CPU.Build.0 = Debug|Any CPU
		{665FBF03-9B2A-4644-8143-C463F90A7362}.Release|Any CPU.ActiveCfg = Release|Any CPU
		{665FBF03-9B2A-4644-8143-C463F90A7362}.Release|Any CPU.Build.0 = Release|Any CPU
	EndGlobalSection
	GlobalSection(SolutionProperties) = preSolution
		HideSolutionNode = FALSE
	EndGlobalSection
	GlobalSection(NestedProjects) = preSolution
		{468D1066-7BB1-44D3-AD6B-B55F3EA4E4F2} = {68CA5E50-BB76-4532-BF10-E6793A39AF1A}
		{D948FE4A-FB0C-44A5-B5CE-811733E11DE2} = {68CA5E50-BB76-4532-BF10-E6793A39AF1A}
		{51A45167-9036-4219-BB91-BD3BFFB8D48F} = {C5429637-007E-432A-A2E1-CDCF94F176FE}
		{665FBF03-9B2A-4644-8143-C463F90A7362} = {40EA13CF-6C2B-4500-BB95-7AEA4AC026DB}
	EndGlobalSection
	GlobalSection(ExtensibilityGlobals) = postSolution
		SolutionGuid = {543BF6CE-9444-4357-9CBE-C43EFC0079ED}
	EndGlobalSection
EndGlobal
